
Microsoft Visual Studio Solution File, Format Version 12.00
# Visual Studio 15
VisualStudioVersion = 15.0.26730.10
MinimumVisualStudioVersion = 10.0.40219.1
Project("{2150E333-8FDC-42A3-9474-1A3956D46DE8}") = "src", "src", "{9D2C472C-19E0-4DF2-932F-8E06EA1E97A2}"
EndProject
Project("{2150E333-8FDC-42A3-9474-1A3956D46DE8}") = "Tests", "Tests", "{5F9C6747-3EE5-4203-8006-AFFD79B80239}"
EndProject
Project("{FAE04EC0-301F-11D3-BF4B-00C04F79EFBC}") = "GithubViewer.Web", "GithubViewer.Web\GithubViewer.Web.csproj", "{0A3EE62E-645C-4F48-B4CC-BF681B96FFAE}"
EndProject
Project("{FAE04EC0-301F-11D3-BF4B-00C04F79EFBC}") = "GithubViewer.Api", "GithubViewer.Api\GithubViewer.Api.csproj", "{DF7C2284-CB3C-4F63-81C6-BF50E61FFED0}"
EndProject
Project("{FAE04EC0-301F-11D3-BF4B-00C04F79EFBC}") = "GithubViewer.Models", "GithubViewer.Models\GithubViewer.Models.csproj", "{8D6D3148-EC70-4566-ABD9-C8EBFD065648}"
EndProject
Project("{FAE04EC0-301F-11D3-BF4B-00C04F79EFBC}") = "GithubViewer.Utils", "GithubViewer.Utils\GithubViewer.Utils.csproj", "{CD3D733C-DDB9-4AAB-9E5D-6BBC12DB5D63}"
EndProject
Project("{FAE04EC0-301F-11D3-BF4B-00C04F79EFBC}") = "GithubViewer.Utils.Tests", "GithubViewer.Utils.Tests\GithubViewer.Utils.Tests.csproj", "{5E2F0F60-2907-4160-A894-29FB36562EDB}"
EndProject
Project("{FAE04EC0-301F-11D3-BF4B-00C04F79EFBC}") = "GithubViewer.Api.Tests", "GithubViewer.Api.Tests\GithubViewer.Api.Tests.csproj", "{556072E1-A0DC-40DD-A5CA-52033CA1E8BF}"
EndProject
Project("{FAE04EC0-301F-11D3-BF4B-00C04F79EFBC}") = "GithubViewer.Swashbuckle", "GithubViewer.Swashbuckle\GithubViewer.Swashbuckle.csproj", "{A90AD1BD-1B6E-40BA-9F25-7A8BA47EE42B}"
EndProject
Project("{FAE04EC0-301F-11D3-BF4B-00C04F79EFBC}") = "GithubViewer.IdSrv", "GithubViewer.IdSrv\GithubViewer.IdSrv.csproj", "{87737EEA-66C0-4AD3-9F8D-C9518904373D}"
EndProject
Global
	GlobalSection(SolutionConfigurationPlatforms) = preSolution
		Debug|Any CPU = Debug|Any CPU
		Release|Any CPU = Release|Any CPU
	EndGlobalSection
	GlobalSection(ProjectConfigurationPlatforms) = postSolution
		{0A3EE62E-645C-4F48-B4CC-BF681B96FFAE}.Debug|Any CPU.ActiveCfg = Debug|Any CPU
		{0A3EE62E-645C-4F48-B4CC-BF681B96FFAE}.Debug|Any CPU.Build.0 = Debug|Any CPU
		{0A3EE62E-645C-4F48-B4CC-BF681B96FFAE}.Release|Any CPU.ActiveCfg = Release|Any CPU
		{0A3EE62E-645C-4F48-B4CC-BF681B96FFAE}.Release|Any CPU.Build.0 = Release|Any CPU
		{DF7C2284-CB3C-4F63-81C6-BF50E61FFED0}.Debug|Any CPU.ActiveCfg = Debug|Any CPU
		{DF7C2284-CB3C-4F63-81C6-BF50E61FFED0}.Debug|Any CPU.Build.0 = Debug|Any CPU
		{DF7C2284-CB3C-4F63-81C6-BF50E61FFED0}.Release|Any CPU.ActiveCfg = Release|Any CPU
		{DF7C2284-CB3C-4F63-81C6-BF50E61FFED0}.Release|Any CPU.Build.0 = Release|Any CPU
		{8D6D3148-EC70-4566-ABD9-C8EBFD065648}.Debug|Any CPU.ActiveCfg = Debug|Any CPU
		{8D6D3148-EC70-4566-ABD9-C8EBFD065648}.Debug|Any CPU.Build.0 = Debug|Any CPU
		{8D6D3148-EC70-4566-ABD9-C8EBFD065648}.Release|Any CPU.ActiveCfg = Release|Any CPU
		{8D6D3148-EC70-4566-ABD9-C8EBFD065648}.Release|Any CPU.Build.0 = Release|Any CPU
		{CD3D733C-DDB9-4AAB-9E5D-6BBC12DB5D63}.Debug|Any CPU.ActiveCfg = Debug|Any CPU
		{CD3D733C-DDB9-4AAB-9E5D-6BBC12DB5D63}.Debug|Any CPU.Build.0 = Debug|Any CPU
		{CD3D733C-DDB9-4AAB-9E5D-6BBC12DB5D63}.Release|Any CPU.ActiveCfg = Release|Any CPU
		{CD3D733C-DDB9-4AAB-9E5D-6BBC12DB5D63}.Release|Any CPU.Build.0 = Release|Any CPU
		{5E2F0F60-2907-4160-A894-29FB36562EDB}.Debug|Any CPU.ActiveCfg = Debug|Any CPU
		{5E2F0F60-2907-4160-A894-29FB36562EDB}.Debug|Any CPU.Build.0 = Debug|Any CPU
		{5E2F0F60-2907-4160-A894-29FB36562EDB}.Release|Any CPU.ActiveCfg = Release|Any CPU
		{5E2F0F60-2907-4160-A894-29FB36562EDB}.Release|Any CPU.Build.0 = Release|Any CPU
		{556072E1-A0DC-40DD-A5CA-52033CA1E8BF}.Debug|Any CPU.ActiveCfg = Debug|Any CPU
		{556072E1-A0DC-40DD-A5CA-52033CA1E8BF}.Debug|Any CPU.Build.0 = Debug|Any CPU
		{556072E1-A0DC-40DD-A5CA-52033CA1E8BF}.Release|Any CPU.ActiveCfg = Release|Any CPU
		{556072E1-A0DC-40DD-A5CA-52033CA1E8BF}.Release|Any CPU.Build.0 = Release|Any CPU
		{A90AD1BD-1B6E-40BA-9F25-7A8BA47EE42B}.Debug|Any CPU.ActiveCfg = Debug|Any CPU
		{A90AD1BD-1B6E-40BA-9F25-7A8BA47EE42B}.Debug|Any CPU.Build.0 = Debug|Any CPU
		{A90AD1BD-1B6E-40BA-9F25-7A8BA47EE42B}.Release|Any CPU.ActiveCfg = Release|Any CPU
		{A90AD1BD-1B6E-40BA-9F25-7A8BA47EE42B}.Release|Any CPU.Build.0 = Release|Any CPU
		{87737EEA-66C0-4AD3-9F8D-C9518904373D}.Debug|Any CPU.ActiveCfg = Debug|Any CPU
		{87737EEA-66C0-4AD3-9F8D-C9518904373D}.Debug|Any CPU.Build.0 = Debug|Any CPU
		{87737EEA-66C0-4AD3-9F8D-C9518904373D}.Release|Any CPU.ActiveCfg = Release|Any CPU
		{87737EEA-66C0-4AD3-9F8D-C9518904373D}.Release|Any CPU.Build.0 = Release|Any CPU
	EndGlobalSection
	GlobalSection(SolutionProperties) = preSolution
		HideSolutionNode = FALSE
	EndGlobalSection
	GlobalSection(NestedProjects) = preSolution
		{0A3EE62E-645C-4F48-B4CC-BF681B96FFAE} = {9D2C472C-19E0-4DF2-932F-8E06EA1E97A2}
		{DF7C2284-CB3C-4F63-81C6-BF50E61FFED0} = {9D2C472C-19E0-4DF2-932F-8E06EA1E97A2}
		{8D6D3148-EC70-4566-ABD9-C8EBFD065648} = {9D2C472C-19E0-4DF2-932F-8E06EA1E97A2}
		{CD3D733C-DDB9-4AAB-9E5D-6BBC12DB5D63} = {9D2C472C-19E0-4DF2-932F-8E06EA1E97A2}
		{5E2F0F60-2907-4160-A894-29FB36562EDB} = {5F9C6747-3EE5-4203-8006-AFFD79B80239}
		{556072E1-A0DC-40DD-A5CA-52033CA1E8BF} = {5F9C6747-3EE5-4203-8006-AFFD79B80239}
		{A90AD1BD-1B6E-40BA-9F25-7A8BA47EE42B} = {9D2C472C-19E0-4DF2-932F-8E06EA1E97A2}
		{87737EEA-66C0-4AD3-9F8D-C9518904373D} = {9D2C472C-19E0-4DF2-932F-8E06EA1E97A2}
	EndGlobalSection
	GlobalSection(ExtensibilityGlobals) = postSolution
		SolutionGuid = {3EF4BC06-4692-495A-8907-EFE25465730E}
	EndGlobalSection
EndGlobal
